// !$*UTF8*$!
{
	archiveVersion = 1;
	classes = {
	};
	objectVersion = 46;
	objects = {

/* Begin PBXBuildFile section */
		00675C46243094DC00085827 /* KeyChainModule.m in Sources */ = {isa = PBXBuildFile; fileRef = 00675C44243094DC00085827 /* KeyChainModule.m */; };
		00675C492430AE7100085827 /* QRScanReader.m in Sources */ = {isa = PBXBuildFile; fileRef = 00675C482430AE7100085827 /* QRScanReader.m */; };
		00E356F31AD99517003FC87E /* RNDemoTests.m in Sources */ = {isa = PBXBuildFile; fileRef = 00E356F21AD99517003FC87E /* RNDemoTests.m */; };
		00F29DD6242889D600A54037 /* BridgeDemo.m in Sources */ = {isa = PBXBuildFile; fileRef = 00F29DD5242889D600A54037 /* BridgeDemo.m */; };
		13B07FBC1A68108700A75B9A /* AppDelegate.m in Sources */ = {isa = PBXBuildFile; fileRef = 13B07FB01A68108700A75B9A /* AppDelegate.m */; };
		13B07FBD1A68108700A75B9A /* LaunchScreen.xib in Resources */ = {isa = PBXBuildFile; fileRef = 13B07FB11A68108700A75B9A /* LaunchScreen.xib */; };
		13B07FBF1A68108700A75B9A /* Images.xcassets in Resources */ = {isa = PBXBuildFile; fileRef = 13B07FB51A68108700A75B9A /* Images.xcassets */; };
		13B07FC11A68108700A75B9A /* main.m in Sources */ = {isa = PBXBuildFile; fileRef = 13B07FB71A68108700A75B9A /* main.m */; };
		34F713CE243C2C6C001034CF /* AuthenticationModule.m in Sources */ = {isa = PBXBuildFile; fileRef = 34F713CD243C2C6C001034CF /* AuthenticationModule.m */; };
		8013CCCD24E901D200493822 /* VPN_Manager.m in Sources */ = {isa = PBXBuildFile; fileRef = 8013CCCC24E901D200493822 /* VPN_Manager.m */; };
		8027712725050DB3005AEBB1 /* libz.1.tbd in Frameworks */ = {isa = PBXBuildFile; fileRef = 00E1FC1F24C3FD330092895E /* libz.1.tbd */; };
		80277138250519C7005AEBB1 /* CocoaAsyncSocket.framework in Frameworks */ = {isa = PBXBuildFile; fileRef = 802771352505142F005AEBB1 /* CocoaAsyncSocket.framework */; settings = {ATTRIBUTES = (Weak, ); }; };
		8027713B25051CB0005AEBB1 /* libc++.tbd in Frameworks */ = {isa = PBXBuildFile; fileRef = 00E1FC1224C2DD670092895E /* libc++.tbd */; };
		802CF95924DB070800685ACF /* NetworkExtension.framework in Frameworks */ = {isa = PBXBuildFile; fileRef = 802CF95824DB070800685ACF /* NetworkExtension.framework */; };
		8046CC3525052AEC0089A9D4 /* libcrypto.a in Frameworks */ = {isa = PBXBuildFile; fileRef = 8046CC3025052AEB0089A9D4 /* libcrypto.a */; };
		8046CC3625052AEC0089A9D4 /* libcrypto.a in Frameworks */ = {isa = PBXBuildFile; fileRef = 8046CC3025052AEB0089A9D4 /* libcrypto.a */; };
		8046CC3725052AEC0089A9D4 /* libssl.a in Frameworks */ = {isa = PBXBuildFile; fileRef = 8046CC3125052AEB0089A9D4 /* libssl.a */; };
		8046CC3825052AEC0089A9D4 /* libssl.a in Frameworks */ = {isa = PBXBuildFile; fileRef = 8046CC3125052AEB0089A9D4 /* libssl.a */; };
		8046CC3925052AEC0089A9D4 /* libcurl.a in Frameworks */ = {isa = PBXBuildFile; fileRef = 8046CC3225052AEB0089A9D4 /* libcurl.a */; };
		8046CC3A25052AEC0089A9D4 /* libcurl.a in Frameworks */ = {isa = PBXBuildFile; fileRef = 8046CC3225052AEB0089A9D4 /* libcurl.a */; };
		8046CC3B25052AEC0089A9D4 /* libYuelunProxy.a in Frameworks */ = {isa = PBXBuildFile; fileRef = 8046CC3325052AEB0089A9D4 /* libYuelunProxy.a */; };
		8046CC3C25052AEC0089A9D4 /* libYuelunProxy.a in Frameworks */ = {isa = PBXBuildFile; fileRef = 8046CC3325052AEB0089A9D4 /* libYuelunProxy.a */; };
		8046CC3D25052AEC0089A9D4 /* libproxy_clientios.a in Frameworks */ = {isa = PBXBuildFile; fileRef = 8046CC3425052AEC0089A9D4 /* libproxy_clientios.a */; };
		8046CC3E25052AEC0089A9D4 /* libproxy_clientios.a in Frameworks */ = {isa = PBXBuildFile; fileRef = 8046CC3425052AEC0089A9D4 /* libproxy_clientios.a */; };
		806A22E424E81D20000E7040 /* GCDAsyncSocket.m in Sources */ = {isa = PBXBuildFile; fileRef = 806A22DF24E81D1F000E7040 /* GCDAsyncSocket.m */; };
		806A22E524E81D20000E7040 /* GCDAsyncUdpSocket.m in Sources */ = {isa = PBXBuildFile; fileRef = 806A22E024E81D1F000E7040 /* GCDAsyncUdpSocket.m */; };
		806A22E724E81D46000E7040 /* CocoaAsyncSocket in Resources */ = {isa = PBXBuildFile; fileRef = 806A22E624E81D46000E7040 /* CocoaAsyncSocket */; };
		806A22E824E81D77000E7040 /* GCDAsyncSocket.m in Sources */ = {isa = PBXBuildFile; fileRef = 806A22DF24E81D1F000E7040 /* GCDAsyncSocket.m */; };
		806A22E924E81D77000E7040 /* GCDAsyncUdpSocket.m in Sources */ = {isa = PBXBuildFile; fileRef = 806A22E024E81D1F000E7040 /* GCDAsyncUdpSocket.m */; };
		806A22EB24E81D85000E7040 /* ExternalAccessory.framework in Frameworks */ = {isa = PBXBuildFile; fileRef = 806A22EA24E81D85000E7040 /* ExternalAccessory.framework */; };
		806A22ED24E81D95000E7040 /* CFNetwork.framework in Frameworks */ = {isa = PBXBuildFile; fileRef = 806A22EC24E81D94000E7040 /* CFNetwork.framework */; };
		806A22EF24E81DA0000E7040 /* Security.framework in Frameworks */ = {isa = PBXBuildFile; fileRef = 806A22EE24E81DA0000E7040 /* Security.framework */; };
		80F7766A24C7CE92004DCDB1 /* apiyuelun.h in Sources */ = {isa = PBXBuildFile; fileRef = 00E1FC0B24C2CDEA0092895E /* apiyuelun.h */; };
		80F7767324D07210004DCDB1 /* ApiHelper.mm in Sources */ = {isa = PBXBuildFile; fileRef = 80F7767224D07210004DCDB1 /* ApiHelper.mm */; };
		80F8AA6124E43EBA0073A30C /* XDXVPNManager.mm in Sources */ = {isa = PBXBuildFile; fileRef = 80F8AA5E24E43EBA0073A30C /* XDXVPNManager.mm */; };
		80F8AA6224E43EBA0073A30C /* XDXVPNManagerModel.m in Sources */ = {isa = PBXBuildFile; fileRef = 80F8AA6024E43EBA0073A30C /* XDXVPNManagerModel.m */; };
		80F8AA6D24E43F180073A30C /* PacketTunnelProvider.mm in Sources */ = {isa = PBXBuildFile; fileRef = 80F8AA6C24E43F180073A30C /* PacketTunnelProvider.mm */; };
		80F8AA7124E43F180073A30C /* YueLunVPN.appex in Embed App Extensions */ = {isa = PBXBuildFile; fileRef = 80F8AA6724E43F180073A30C /* YueLunVPN.appex */; settings = {ATTRIBUTES = (RemoveHeadersOnCopy, ); }; };
		80F8AA7624E43F7C0073A30C /* NetworkExtension.framework in Frameworks */ = {isa = PBXBuildFile; fileRef = 802CF95824DB070800685ACF /* NetworkExtension.framework */; };
		80F8AA7A24E4400A0073A30C /* NSMutableDictionary+TVUSafeSetRemove.m in Sources */ = {isa = PBXBuildFile; fileRef = 80F8AA7924E4400A0073A30C /* NSMutableDictionary+TVUSafeSetRemove.m */; };
		80F8AA7D24E4418E0073A30C /* YuelunVpn.m in Sources */ = {isa = PBXBuildFile; fileRef = 80F8AA7C24E4418E0073A30C /* YuelunVpn.m */; };
		A522A05CEDAAB65C1D9333F3 /* libPods-RNDemo-RNDemoTests.a in Frameworks */ = {isa = PBXBuildFile; fileRef = 3464F86A16DE9EF64A13562A /* libPods-RNDemo-RNDemoTests.a */; };
		C6ADE1C2F0F2E4FFB75C6354 /* libPods-RNDemo.a in Frameworks */ = {isa = PBXBuildFile; fileRef = D086370BEB68C40B80F3C07D /* libPods-RNDemo.a */; };
/* End PBXBuildFile section */

/* Begin PBXContainerItemProxy section */
		00E356F41AD99517003FC87E /* PBXContainerItemProxy */ = {
			isa = PBXContainerItemProxy;
			containerPortal = 83CBB9F71A601CBA00E9B192 /* Project object */;
			proxyType = 1;
			remoteGlobalIDString = 13B07F861A680F5B00A75B9A;
			remoteInfo = RNDemo;
		};
		80F8AA6F24E43F180073A30C /* PBXContainerItemProxy */ = {
			isa = PBXContainerItemProxy;
			containerPortal = 83CBB9F71A601CBA00E9B192 /* Project object */;
			proxyType = 1;
			remoteGlobalIDString = 80F8AA6624E43F180073A30C;
			remoteInfo = YueLunVPN;
		};
/* End PBXContainerItemProxy section */

/* Begin PBXCopyFilesBuildPhase section */
		80F8AA7524E43F180073A30C /* Embed App Extensions */ = {
			isa = PBXCopyFilesBuildPhase;
			buildActionMask = 2147483647;
			dstPath = "";
			dstSubfolderSpec = 13;
			files = (
				80F8AA7124E43F180073A30C /* YueLunVPN.appex in Embed App Extensions */,
			);
			name = "Embed App Extensions";
			runOnlyForDeploymentPostprocessing = 0;
		};
/* End PBXCopyFilesBuildPhase section */

/* Begin PBXFileReference section */
		000BA31924A990240091159D /* RNDemo-Bridging-Header.h */ = {isa = PBXFileReference; lastKnownFileType = sourcecode.c.h; path = "RNDemo-Bridging-Header.h"; sourceTree = "<group>"; };
		00675C44243094DC00085827 /* KeyChainModule.m */ = {isa = PBXFileReference; fileEncoding = 4; lastKnownFileType = sourcecode.c.objc; name = KeyChainModule.m; path = RNDemo/BridgeModule/SecurityModule/KeyChainModule.m; sourceTree = "<group>"; };
		00675C45243094DC00085827 /* KeyChainModule.h */ = {isa = PBXFileReference; fileEncoding = 4; lastKnownFileType = sourcecode.c.h; name = KeyChainModule.h; path = RNDemo/BridgeModule/SecurityModule/KeyChainModule.h; sourceTree = "<group>"; };
		00675C472430AE4800085827 /* QRScanReader.h */ = {isa = PBXFileReference; lastKnownFileType = sourcecode.c.h; name = QRScanReader.h; path = RNDemo/BridgeModule/QRScanModule/QRScanReader.h; sourceTree = "<group>"; };
		00675C482430AE7100085827 /* QRScanReader.m */ = {isa = PBXFileReference; lastKnownFileType = sourcecode.c.objc; name = QRScanReader.m; path = RNDemo/BridgeModule/QRScanModule/QRScanReader.m; sourceTree = "<group>"; };
		008F07F21AC5B25A0029DE68 /* main.jsbundle */ = {isa = PBXFileReference; fileEncoding = 4; lastKnownFileType = text; path = main.jsbundle; sourceTree = "<group>"; };
		00E1FC0B24C2CDEA0092895E /* apiyuelun.h */ = {isa = PBXFileReference; lastKnownFileType = sourcecode.c.h; path = apiyuelun.h; sourceTree = "<group>"; };
		00E1FC1224C2DD670092895E /* libc++.tbd */ = {isa = PBXFileReference; lastKnownFileType = "sourcecode.text-based-dylib-definition"; name = "libc++.tbd"; path = "usr/lib/libc++.tbd"; sourceTree = SDKROOT; };
		00E1FC1424C2DD980092895E /* libc++.1.tbd */ = {isa = PBXFileReference; lastKnownFileType = "sourcecode.text-based-dylib-definition"; name = "libc++.1.tbd"; path = "usr/lib/libc++.1.tbd"; sourceTree = SDKROOT; };
		00E1FC1624C2DDAD0092895E /* libc++abi.tbd */ = {isa = PBXFileReference; lastKnownFileType = "sourcecode.text-based-dylib-definition"; name = "libc++abi.tbd"; path = "usr/lib/libc++abi.tbd"; sourceTree = SDKROOT; };
		00E1FC1F24C3FD330092895E /* libz.1.tbd */ = {isa = PBXFileReference; lastKnownFileType = "sourcecode.text-based-dylib-definition"; name = libz.1.tbd; path = usr/lib/libz.1.tbd; sourceTree = SDKROOT; };
		00E356EE1AD99517003FC87E /* RNDemoTests.xctest */ = {isa = PBXFileReference; explicitFileType = wrapper.cfbundle; includeInIndex = 0; path = RNDemoTests.xctest; sourceTree = BUILT_PRODUCTS_DIR; };
		00E356F11AD99517003FC87E /* Info.plist */ = {isa = PBXFileReference; lastKnownFileType = text.plist.xml; path = Info.plist; sourceTree = "<group>"; };
		00E356F21AD99517003FC87E /* RNDemoTests.m */ = {isa = PBXFileReference; lastKnownFileType = sourcecode.c.objc; path = RNDemoTests.m; sourceTree = "<group>"; };
		00F29DD5242889D600A54037 /* BridgeDemo.m */ = {isa = PBXFileReference; lastKnownFileType = sourcecode.c.objc; path = BridgeDemo.m; sourceTree = "<group>"; };
		00F29DD824288A1D00A54037 /* BridgeDemo.h */ = {isa = PBXFileReference; lastKnownFileType = sourcecode.c.h; path = BridgeDemo.h; sourceTree = "<group>"; };
		10692BEFD672D061D8AEFAB9 /* Pods-RNDemo-RNDemoTests.release.xcconfig */ = {isa = PBXFileReference; includeInIndex = 1; lastKnownFileType = text.xcconfig; name = "Pods-RNDemo-RNDemoTests.release.xcconfig"; path = "Target Support Files/Pods-RNDemo-RNDemoTests/Pods-RNDemo-RNDemoTests.release.xcconfig"; sourceTree = "<group>"; };
		13B07F961A680F5B00A75B9A /* RNDemo.app */ = {isa = PBXFileReference; explicitFileType = wrapper.application; includeInIndex = 0; path = RNDemo.app; sourceTree = BUILT_PRODUCTS_DIR; };
		13B07FAF1A68108700A75B9A /* AppDelegate.h */ = {isa = PBXFileReference; fileEncoding = 4; lastKnownFileType = sourcecode.c.h; name = AppDelegate.h; path = RNDemo/AppDelegate.h; sourceTree = "<group>"; };
		13B07FB01A68108700A75B9A /* AppDelegate.m */ = {isa = PBXFileReference; fileEncoding = 4; lastKnownFileType = sourcecode.c.objc; name = AppDelegate.m; path = RNDemo/AppDelegate.m; sourceTree = "<group>"; };
		13B07FB21A68108700A75B9A /* Base */ = {isa = PBXFileReference; lastKnownFileType = file.xib; name = Base; path = Base.lproj/LaunchScreen.xib; sourceTree = "<group>"; };
		13B07FB51A68108700A75B9A /* Images.xcassets */ = {isa = PBXFileReference; lastKnownFileType = folder.assetcatalog; name = Images.xcassets; path = RNDemo/Images.xcassets; sourceTree = "<group>"; };
		13B07FB61A68108700A75B9A /* Info.plist */ = {isa = PBXFileReference; fileEncoding = 4; lastKnownFileType = text.plist.xml; name = Info.plist; path = RNDemo/Info.plist; sourceTree = "<group>"; };
		13B07FB71A68108700A75B9A /* main.m */ = {isa = PBXFileReference; fileEncoding = 4; lastKnownFileType = sourcecode.c.objc; name = main.m; path = RNDemo/main.m; sourceTree = "<group>"; };
		2C5B82DEFE7B2997CFE9CBED /* Pods-RNDemo-tvOS.debug.xcconfig */ = {isa = PBXFileReference; includeInIndex = 1; lastKnownFileType = text.xcconfig; name = "Pods-RNDemo-tvOS.debug.xcconfig"; path = "Target Support Files/Pods-RNDemo-tvOS/Pods-RNDemo-tvOS.debug.xcconfig"; sourceTree = "<group>"; };
		3346171AA8E9BFE2B1923F9B /* Pods-RNDemo-tvOS.release.xcconfig */ = {isa = PBXFileReference; includeInIndex = 1; lastKnownFileType = text.xcconfig; name = "Pods-RNDemo-tvOS.release.xcconfig"; path = "Target Support Files/Pods-RNDemo-tvOS/Pods-RNDemo-tvOS.release.xcconfig"; sourceTree = "<group>"; };
		3464F86A16DE9EF64A13562A /* libPods-RNDemo-RNDemoTests.a */ = {isa = PBXFileReference; explicitFileType = archive.ar; includeInIndex = 0; path = "libPods-RNDemo-RNDemoTests.a"; sourceTree = BUILT_PRODUCTS_DIR; };
		34F713CC243C2C6C001034CF /* AuthenticationModule.h */ = {isa = PBXFileReference; fileEncoding = 4; lastKnownFileType = sourcecode.c.h; name = AuthenticationModule.h; path = RNDemo/BridgeModule/SecurityModule/AuthenticationModule.h; sourceTree = "<group>"; };
		34F713CD243C2C6C001034CF /* AuthenticationModule.m */ = {isa = PBXFileReference; fileEncoding = 4; lastKnownFileType = sourcecode.c.objc; name = AuthenticationModule.m; path = RNDemo/BridgeModule/SecurityModule/AuthenticationModule.m; sourceTree = "<group>"; };
		60947F9E755E6771DFD0CF8E /* Pods-RNDemoTests.release.xcconfig */ = {isa = PBXFileReference; includeInIndex = 1; lastKnownFileType = text.xcconfig; name = "Pods-RNDemoTests.release.xcconfig"; path = "Target Support Files/Pods-RNDemoTests/Pods-RNDemoTests.release.xcconfig"; sourceTree = "<group>"; };
		60CA3976A620108703AF9021 /* Pods-RNDemo-tvOSTests.debug.xcconfig */ = {isa = PBXFileReference; includeInIndex = 1; lastKnownFileType = text.xcconfig; name = "Pods-RNDemo-tvOSTests.debug.xcconfig"; path = "Target Support Files/Pods-RNDemo-tvOSTests/Pods-RNDemo-tvOSTests.debug.xcconfig"; sourceTree = "<group>"; };
		8013CCCB24E901D200493822 /* VPN_Manager.h */ = {isa = PBXFileReference; lastKnownFileType = sourcecode.c.h; path = VPN_Manager.h; sourceTree = "<group>"; };
		8013CCCC24E901D200493822 /* VPN_Manager.m */ = {isa = PBXFileReference; lastKnownFileType = sourcecode.c.objc; path = VPN_Manager.m; sourceTree = "<group>"; };
		8013CCCE24E909BF00493822 /* YueLunVPN.entitlements */ = {isa = PBXFileReference; fileEncoding = 4; lastKnownFileType = text.plist.entitlements; name = YueLunVPN.entitlements; path = YueLunVPN/YueLunVPN.entitlements; sourceTree = SOURCE_ROOT; };
		8013CCD024E91F7400493822 /* RNDemo.entitlements */ = {isa = PBXFileReference; lastKnownFileType = text.plist.entitlements; name = RNDemo.entitlements; path = RNDemo/RNDemo.entitlements; sourceTree = "<group>"; };
		802771352505142F005AEBB1 /* CocoaAsyncSocket.framework */ = {isa = PBXFileReference; lastKnownFileType = wrapper.framework; name = CocoaAsyncSocket.framework; path = "../../../../../Library/Containers/com.tencent.xinWeChat/Data/Library/Application Support/com.tencent.xinWeChat/2.0b4.0.9/11ffa7470cbb4c0c57800565c879ee2f/Message/MessageTemp/006229311e74f516563f170bd667d98e/File/CocoaAsyncSocket.framework"; sourceTree = "<group>"; };
		802CF95824DB070800685ACF /* NetworkExtension.framework */ = {isa = PBXFileReference; lastKnownFileType = wrapper.framework; name = NetworkExtension.framework; path = System/Library/Frameworks/NetworkExtension.framework; sourceTree = SDKROOT; };
		8046CC3025052AEB0089A9D4 /* libcrypto.a */ = {isa = PBXFileReference; lastKnownFileType = archive.ar; name = libcrypto.a; path = VPNFramework/libcrypto.a; sourceTree = "<group>"; };
		8046CC3125052AEB0089A9D4 /* libssl.a */ = {isa = PBXFileReference; lastKnownFileType = archive.ar; name = libssl.a; path = VPNFramework/libssl.a; sourceTree = "<group>"; };
		8046CC3225052AEB0089A9D4 /* libcurl.a */ = {isa = PBXFileReference; lastKnownFileType = archive.ar; name = libcurl.a; path = VPNFramework/libcurl.a; sourceTree = "<group>"; };
		8046CC3325052AEB0089A9D4 /* libYuelunProxy.a */ = {isa = PBXFileReference; lastKnownFileType = archive.ar; name = libYuelunProxy.a; path = VPNFramework/libYuelunProxy.a; sourceTree = "<group>"; };
		8046CC3425052AEC0089A9D4 /* libproxy_clientios.a */ = {isa = PBXFileReference; lastKnownFileType = archive.ar; name = libproxy_clientios.a; path = VPNFramework/libproxy_clientios.a; sourceTree = "<group>"; };
		806A22DF24E81D1F000E7040 /* GCDAsyncSocket.m */ = {isa = PBXFileReference; fileEncoding = 4; lastKnownFileType = sourcecode.c.objc; name = GCDAsyncSocket.m; path = RNDemo/GCDAsyncSocket.m; sourceTree = "<group>"; };
		806A22E024E81D1F000E7040 /* GCDAsyncUdpSocket.m */ = {isa = PBXFileReference; fileEncoding = 4; lastKnownFileType = sourcecode.c.objc; name = GCDAsyncUdpSocket.m; path = RNDemo/GCDAsyncUdpSocket.m; sourceTree = "<group>"; };
		806A22E124E81D1F000E7040 /* CocoaAsyncSocket.h */ = {isa = PBXFileReference; fileEncoding = 4; lastKnownFileType = sourcecode.c.h; name = CocoaAsyncSocket.h; path = RNDemo/CocoaAsyncSocket.h; sourceTree = "<group>"; };
		806A22E224E81D1F000E7040 /* GCDAsyncUdpSocket.h */ = {isa = PBXFileReference; fileEncoding = 4; lastKnownFileType = sourcecode.c.h; name = GCDAsyncUdpSocket.h; path = RNDemo/GCDAsyncUdpSocket.h; sourceTree = "<group>"; };
		806A22E324E81D20000E7040 /* GCDAsyncSocket.h */ = {isa = PBXFileReference; fileEncoding = 4; lastKnownFileType = sourcecode.c.h; name = GCDAsyncSocket.h; path = RNDemo/GCDAsyncSocket.h; sourceTree = "<group>"; };
		806A22E624E81D46000E7040 /* CocoaAsyncSocket */ = {isa = PBXFileReference; lastKnownFileType = folder; path = CocoaAsyncSocket; sourceTree = "<group>"; };
		806A22EA24E81D85000E7040 /* ExternalAccessory.framework */ = {isa = PBXFileReference; lastKnownFileType = wrapper.framework; name = ExternalAccessory.framework; path = System/Library/Frameworks/ExternalAccessory.framework; sourceTree = SDKROOT; };
		806A22EC24E81D94000E7040 /* CFNetwork.framework */ = {isa = PBXFileReference; lastKnownFileType = wrapper.framework; name = CFNetwork.framework; path = System/Library/Frameworks/CFNetwork.framework; sourceTree = SDKROOT; };
		806A22EE24E81DA0000E7040 /* Security.framework */ = {isa = PBXFileReference; lastKnownFileType = wrapper.framework; name = Security.framework; path = System/Library/Frameworks/Security.framework; sourceTree = SDKROOT; };
		80F7767124D07210004DCDB1 /* ApiHelper.h */ = {isa = PBXFileReference; lastKnownFileType = sourcecode.c.h; path = ApiHelper.h; sourceTree = "<group>"; };
		80F7767224D07210004DCDB1 /* ApiHelper.mm */ = {isa = PBXFileReference; lastKnownFileType = sourcecode.cpp.objcpp; path = ApiHelper.mm; sourceTree = "<group>"; };
		80F8AA5D24E43EBA0073A30C /* XDXVPNManagerModel.h */ = {isa = PBXFileReference; fileEncoding = 4; lastKnownFileType = sourcecode.c.h; path = XDXVPNManagerModel.h; sourceTree = "<group>"; };
		80F8AA5E24E43EBA0073A30C /* XDXVPNManager.mm */ = {isa = PBXFileReference; fileEncoding = 4; lastKnownFileType = sourcecode.cpp.objcpp; path = XDXVPNManager.mm; sourceTree = "<group>"; };
		80F8AA5F24E43EBA0073A30C /* XDXVPNManager.h */ = {isa = PBXFileReference; fileEncoding = 4; lastKnownFileType = sourcecode.c.h; path = XDXVPNManager.h; sourceTree = "<group>"; };
		80F8AA6024E43EBA0073A30C /* XDXVPNManagerModel.m */ = {isa = PBXFileReference; fileEncoding = 4; lastKnownFileType = sourcecode.c.objc; path = XDXVPNManagerModel.m; sourceTree = "<group>"; };
		80F8AA6724E43F180073A30C /* YueLunVPN.appex */ = {isa = PBXFileReference; explicitFileType = "wrapper.app-extension"; includeInIndex = 0; path = YueLunVPN.appex; sourceTree = BUILT_PRODUCTS_DIR; };
		80F8AA6B24E43F180073A30C /* PacketTunnelProvider.h */ = {isa = PBXFileReference; lastKnownFileType = sourcecode.c.h; path = PacketTunnelProvider.h; sourceTree = "<group>"; };
		80F8AA6C24E43F180073A30C /* PacketTunnelProvider.mm */ = {isa = PBXFileReference; lastKnownFileType = sourcecode.cpp.objcpp; path = PacketTunnelProvider.mm; sourceTree = "<group>"; };
		80F8AA6E24E43F180073A30C /* Info.plist */ = {isa = PBXFileReference; lastKnownFileType = text.plist.xml; path = Info.plist; sourceTree = "<group>"; };
		80F8AA7724E4400A0073A30C /* NSMutableDictionary+TVUSafeSetRemove.h */ = {isa = PBXFileReference; fileEncoding = 4; lastKnownFileType = sourcecode.c.h; path = "NSMutableDictionary+TVUSafeSetRemove.h"; sourceTree = "<group>"; };
		80F8AA7824E4400A0073A30C /* log4cplus.h */ = {isa = PBXFileReference; fileEncoding = 4; lastKnownFileType = sourcecode.c.h; path = log4cplus.h; sourceTree = "<group>"; };
		80F8AA7924E4400A0073A30C /* NSMutableDictionary+TVUSafeSetRemove.m */ = {isa = PBXFileReference; fileEncoding = 4; lastKnownFileType = sourcecode.c.objc; path = "NSMutableDictionary+TVUSafeSetRemove.m"; sourceTree = "<group>"; };
		80F8AA7B24E4418E0073A30C /* YuelunVpn.h */ = {isa = PBXFileReference; fileEncoding = 4; lastKnownFileType = sourcecode.c.h; path = YuelunVpn.h; sourceTree = "<group>"; };
		80F8AA7C24E4418E0073A30C /* YuelunVpn.m */ = {isa = PBXFileReference; fileEncoding = 4; lastKnownFileType = sourcecode.c.objc; path = YuelunVpn.m; sourceTree = "<group>"; };
		80F8AA8524E446370073A30C /* libclient_proxy.h */ = {isa = PBXFileReference; fileEncoding = 4; lastKnownFileType = sourcecode.c.h; path = libclient_proxy.h; sourceTree = SOURCE_ROOT; };
		80F8AA8624E446370073A30C /* YuelunProxy.h */ = {isa = PBXFileReference; fileEncoding = 4; lastKnownFileType = sourcecode.c.h; path = YuelunProxy.h; sourceTree = SOURCE_ROOT; };
		94B62AE16F593BCC4BF6E40C /* Pods-RNDemo-RNDemoTests.debug.xcconfig */ = {isa = PBXFileReference; includeInIndex = 1; lastKnownFileType = text.xcconfig; name = "Pods-RNDemo-RNDemoTests.debug.xcconfig"; path = "Target Support Files/Pods-RNDemo-RNDemoTests/Pods-RNDemo-RNDemoTests.debug.xcconfig"; sourceTree = "<group>"; };
		A2D3E4E44A8036272CCDE589 /* libPods-RNDemo-tvOSTests.a */ = {isa = PBXFileReference; explicitFileType = archive.ar; includeInIndex = 0; path = "libPods-RNDemo-tvOSTests.a"; sourceTree = BUILT_PRODUCTS_DIR; };
		AF80F1A94A0D6D7AC204937E /* Pods-RNDemo-tvOSTests.release.xcconfig */ = {isa = PBXFileReference; includeInIndex = 1; lastKnownFileType = text.xcconfig; name = "Pods-RNDemo-tvOSTests.release.xcconfig"; path = "Target Support Files/Pods-RNDemo-tvOSTests/Pods-RNDemo-tvOSTests.release.xcconfig"; sourceTree = "<group>"; };
		C59FE0BFF588EE5FA314C40C /* Pods-RNDemo.debug.xcconfig */ = {isa = PBXFileReference; includeInIndex = 1; lastKnownFileType = text.xcconfig; name = "Pods-RNDemo.debug.xcconfig"; path = "Target Support Files/Pods-RNDemo/Pods-RNDemo.debug.xcconfig"; sourceTree = "<group>"; };
		C707566ADDE1AE74F1DBC3B3 /* Pods-RNDemo.release.xcconfig */ = {isa = PBXFileReference; includeInIndex = 1; lastKnownFileType = text.xcconfig; name = "Pods-RNDemo.release.xcconfig"; path = "Target Support Files/Pods-RNDemo/Pods-RNDemo.release.xcconfig"; sourceTree = "<group>"; };
		CA31AAFC6B813C9EE32B8A1E /* Pods-RNDemoTests.debug.xcconfig */ = {isa = PBXFileReference; includeInIndex = 1; lastKnownFileType = text.xcconfig; name = "Pods-RNDemoTests.debug.xcconfig"; path = "Target Support Files/Pods-RNDemoTests/Pods-RNDemoTests.debug.xcconfig"; sourceTree = "<group>"; };
		D086370BEB68C40B80F3C07D /* libPods-RNDemo.a */ = {isa = PBXFileReference; explicitFileType = archive.ar; includeInIndex = 0; path = "libPods-RNDemo.a"; sourceTree = BUILT_PRODUCTS_DIR; };
		ED297162215061F000B7C4FE /* JavaScriptCore.framework */ = {isa = PBXFileReference; lastKnownFileType = wrapper.framework; name = JavaScriptCore.framework; path = System/Library/Frameworks/JavaScriptCore.framework; sourceTree = SDKROOT; };
		ED2971642150620600B7C4FE /* JavaScriptCore.framework */ = {isa = PBXFileReference; lastKnownFileType = wrapper.framework; name = JavaScriptCore.framework; path = Platforms/AppleTVOS.platform/Developer/SDKs/AppleTVOS12.0.sdk/System/Library/Frameworks/JavaScriptCore.framework; sourceTree = DEVELOPER_DIR; };
		EF18FFEA48B94E7A13DFF097 /* libPods-RNDemo-tvOS.a */ = {isa = PBXFileReference; explicitFileType = archive.ar; includeInIndex = 0; path = "libPods-RNDemo-tvOS.a"; sourceTree = BUILT_PRODUCTS_DIR; };
/* End PBXFileReference section */

/* Begin PBXFrameworksBuildPhase section */
		00E356EB1AD99517003FC87E /* Frameworks */ = {
			isa = PBXFrameworksBuildPhase;
			buildActionMask = 2147483647;
			files = (
				A522A05CEDAAB65C1D9333F3 /* libPods-RNDemo-RNDemoTests.a in Frameworks */,
			);
			runOnlyForDeploymentPostprocessing = 0;
		};
		13B07F8C1A680F5B00A75B9A /* Frameworks */ = {
			isa = PBXFrameworksBuildPhase;
			buildActionMask = 2147483647;
			files = (
				806A22EF24E81DA0000E7040 /* Security.framework in Frameworks */,
				8046CC3925052AEC0089A9D4 /* libcurl.a in Frameworks */,
				8046CC3B25052AEC0089A9D4 /* libYuelunProxy.a in Frameworks */,
				8046CC3525052AEC0089A9D4 /* libcrypto.a in Frameworks */,
				8046CC3725052AEC0089A9D4 /* libssl.a in Frameworks */,
				806A22ED24E81D95000E7040 /* CFNetwork.framework in Frameworks */,
				802CF95924DB070800685ACF /* NetworkExtension.framework in Frameworks */,
				8046CC3D25052AEC0089A9D4 /* libproxy_clientios.a in Frameworks */,
				C6ADE1C2F0F2E4FFB75C6354 /* libPods-RNDemo.a in Frameworks */,
			);
			runOnlyForDeploymentPostprocessing = 0;
		};
		80F8AA6424E43F180073A30C /* Frameworks */ = {
			isa = PBXFrameworksBuildPhase;
			buildActionMask = 2147483647;
			files = (
				8027713B25051CB0005AEBB1 /* libc++.tbd in Frameworks */,
				8027712725050DB3005AEBB1 /* libz.1.tbd in Frameworks */,
				8046CC3825052AEC0089A9D4 /* libssl.a in Frameworks */,
				8046CC3625052AEC0089A9D4 /* libcrypto.a in Frameworks */,
				80277138250519C7005AEBB1 /* CocoaAsyncSocket.framework in Frameworks */,
				8046CC3E25052AEC0089A9D4 /* libproxy_clientios.a in Frameworks */,
				8046CC3A25052AEC0089A9D4 /* libcurl.a in Frameworks */,
				8046CC3C25052AEC0089A9D4 /* libYuelunProxy.a in Frameworks */,
				806A22EB24E81D85000E7040 /* ExternalAccessory.framework in Frameworks */,
				80F8AA7624E43F7C0073A30C /* NetworkExtension.framework in Frameworks */,
			);
			runOnlyForDeploymentPostprocessing = 0;
		};
/* End PBXFrameworksBuildPhase section */

/* Begin PBXGroup section */
		00E356EF1AD99517003FC87E /* RNDemoTests */ = {
			isa = PBXGroup;
			children = (
				00E356F21AD99517003FC87E /* RNDemoTests.m */,
				00E356F01AD99517003FC87E /* Supporting Files */,
			);
			path = RNDemoTests;
			sourceTree = "<group>";
		};
		00E356F01AD99517003FC87E /* Supporting Files */ = {
			isa = PBXGroup;
			children = (
				00E356F11AD99517003FC87E /* Info.plist */,
			);
			name = "Supporting Files";
			sourceTree = "<group>";
		};
		00F29DD42428899000A54037 /* BridgeModule */ = {
			isa = PBXGroup;
			children = (
				80F8AA7B24E4418E0073A30C /* YuelunVpn.h */,
				80F8AA7C24E4418E0073A30C /* YuelunVpn.m */,
				34F713CC243C2C6C001034CF /* AuthenticationModule.h */,
				34F713CD243C2C6C001034CF /* AuthenticationModule.m */,
				00675C45243094DC00085827 /* KeyChainModule.h */,
				00675C44243094DC00085827 /* KeyChainModule.m */,
				00F29DD824288A1D00A54037 /* BridgeDemo.h */,
				00F29DD5242889D600A54037 /* BridgeDemo.m */,
				00675C472430AE4800085827 /* QRScanReader.h */,
				00675C482430AE7100085827 /* QRScanReader.m */,
				80F7767124D07210004DCDB1 /* ApiHelper.h */,
				80F7767224D07210004DCDB1 /* ApiHelper.mm */,
			);
			name = BridgeModule;
			sourceTree = "<group>";
		};
		13B07FAE1A68108700A75B9A /* RNDemo */ = {
			isa = PBXGroup;
			children = (
				8013CCD024E91F7400493822 /* RNDemo.entitlements */,
				80F8AA5C24E43EBA0073A30C /* VPNManager */,
				008F07F21AC5B25A0029DE68 /* main.jsbundle */,
				13B07FAF1A68108700A75B9A /* AppDelegate.h */,
				13B07FB01A68108700A75B9A /* AppDelegate.m */,
				806A22E124E81D1F000E7040 /* CocoaAsyncSocket.h */,
				806A22E324E81D20000E7040 /* GCDAsyncSocket.h */,
				806A22DF24E81D1F000E7040 /* GCDAsyncSocket.m */,
				806A22E224E81D1F000E7040 /* GCDAsyncUdpSocket.h */,
				806A22E024E81D1F000E7040 /* GCDAsyncUdpSocket.m */,
				13B07FB51A68108700A75B9A /* Images.xcassets */,
				13B07FB61A68108700A75B9A /* Info.plist */,
				13B07FB11A68108700A75B9A /* LaunchScreen.xib */,
				13B07FB71A68108700A75B9A /* main.m */,
				00F29DD42428899000A54037 /* BridgeModule */,
				000BA31924A990240091159D /* RNDemo-Bridging-Header.h */,
				00E1FC0B24C2CDEA0092895E /* apiyuelun.h */,
				80F8AA7824E4400A0073A30C /* log4cplus.h */,
				80F8AA7724E4400A0073A30C /* NSMutableDictionary+TVUSafeSetRemove.h */,
				80F8AA7924E4400A0073A30C /* NSMutableDictionary+TVUSafeSetRemove.m */,
				8013CCCB24E901D200493822 /* VPN_Manager.h */,
				8013CCCC24E901D200493822 /* VPN_Manager.m */,
			);
			name = RNDemo;
			sourceTree = "<group>";
		};
		2D16E6871FA4F8E400B85C8A /* Frameworks */ = {
			isa = PBXGroup;
			children = (
				8046CC3025052AEB0089A9D4 /* libcrypto.a */,
				8046CC3225052AEB0089A9D4 /* libcurl.a */,
				8046CC3425052AEC0089A9D4 /* libproxy_clientios.a */,
				8046CC3125052AEB0089A9D4 /* libssl.a */,
				8046CC3325052AEB0089A9D4 /* libYuelunProxy.a */,
				802771352505142F005AEBB1 /* CocoaAsyncSocket.framework */,
				806A22EE24E81DA0000E7040 /* Security.framework */,
				806A22EC24E81D94000E7040 /* CFNetwork.framework */,
				806A22EA24E81D85000E7040 /* ExternalAccessory.framework */,
				802CF95824DB070800685ACF /* NetworkExtension.framework */,
				00E1FC1F24C3FD330092895E /* libz.1.tbd */,
				00E1FC1624C2DDAD0092895E /* libc++abi.tbd */,
				00E1FC1424C2DD980092895E /* libc++.1.tbd */,
				00E1FC1224C2DD670092895E /* libc++.tbd */,
				ED297162215061F000B7C4FE /* JavaScriptCore.framework */,
				ED2971642150620600B7C4FE /* JavaScriptCore.framework */,
				D086370BEB68C40B80F3C07D /* libPods-RNDemo.a */,
				EF18FFEA48B94E7A13DFF097 /* libPods-RNDemo-tvOS.a */,
				A2D3E4E44A8036272CCDE589 /* libPods-RNDemo-tvOSTests.a */,
				3464F86A16DE9EF64A13562A /* libPods-RNDemo-RNDemoTests.a */,
			);
			name = Frameworks;
			sourceTree = "<group>";
		};
		4B48FB71C0875FE548E76C72 /* Pods */ = {
			isa = PBXGroup;
			children = (
				C59FE0BFF588EE5FA314C40C /* Pods-RNDemo.debug.xcconfig */,
				C707566ADDE1AE74F1DBC3B3 /* Pods-RNDemo.release.xcconfig */,
				2C5B82DEFE7B2997CFE9CBED /* Pods-RNDemo-tvOS.debug.xcconfig */,
				3346171AA8E9BFE2B1923F9B /* Pods-RNDemo-tvOS.release.xcconfig */,
				60CA3976A620108703AF9021 /* Pods-RNDemo-tvOSTests.debug.xcconfig */,
				AF80F1A94A0D6D7AC204937E /* Pods-RNDemo-tvOSTests.release.xcconfig */,
				CA31AAFC6B813C9EE32B8A1E /* Pods-RNDemoTests.debug.xcconfig */,
				60947F9E755E6771DFD0CF8E /* Pods-RNDemoTests.release.xcconfig */,
				94B62AE16F593BCC4BF6E40C /* Pods-RNDemo-RNDemoTests.debug.xcconfig */,
				10692BEFD672D061D8AEFAB9 /* Pods-RNDemo-RNDemoTests.release.xcconfig */,
			);
			path = Pods;
			sourceTree = "<group>";
		};
		80F8AA5C24E43EBA0073A30C /* VPNManager */ = {
			isa = PBXGroup;
			children = (
				80F8AA5D24E43EBA0073A30C /* XDXVPNManagerModel.h */,
				80F8AA5E24E43EBA0073A30C /* XDXVPNManager.mm */,
				80F8AA5F24E43EBA0073A30C /* XDXVPNManager.h */,
				80F8AA6024E43EBA0073A30C /* XDXVPNManagerModel.m */,
			);
			name = VPNManager;
			path = RNDemo/VPNManager;
			sourceTree = "<group>";
		};
		80F8AA6824E43F180073A30C /* YueLunVPN */ = {
			isa = PBXGroup;
			children = (
				806A22E624E81D46000E7040 /* CocoaAsyncSocket */,
				80F8AA8524E446370073A30C /* libclient_proxy.h */,
				80F8AA8624E446370073A30C /* YuelunProxy.h */,
				80F8AA6B24E43F180073A30C /* PacketTunnelProvider.h */,
				80F8AA6C24E43F180073A30C /* PacketTunnelProvider.mm */,
				80F8AA6E24E43F180073A30C /* Info.plist */,
				80F8AA6924E43F180073A30C /* Supporting Files */,
			);
			path = YueLunVPN;
			sourceTree = "<group>";
		};
		80F8AA6924E43F180073A30C /* Supporting Files */ = {
			isa = PBXGroup;
			children = (
				8013CCCE24E909BF00493822 /* YueLunVPN.entitlements */,
			);
			path = "Supporting Files";
			sourceTree = "<group>";
		};
		832341AE1AAA6A7D00B99B32 /* Libraries */ = {
			isa = PBXGroup;
			children = (
			);
			name = Libraries;
			sourceTree = "<group>";
		};
		83CBB9F61A601CBA00E9B192 = {
			isa = PBXGroup;
			children = (
				13B07FAE1A68108700A75B9A /* RNDemo */,
				832341AE1AAA6A7D00B99B32 /* Libraries */,
				00E356EF1AD99517003FC87E /* RNDemoTests */,
				80F8AA6824E43F180073A30C /* YueLunVPN */,
				83CBBA001A601CBA00E9B192 /* Products */,
				2D16E6871FA4F8E400B85C8A /* Frameworks */,
				4B48FB71C0875FE548E76C72 /* Pods */,
			);
			indentWidth = 2;
			sourceTree = "<group>";
			tabWidth = 2;
			usesTabs = 0;
		};
		83CBBA001A601CBA00E9B192 /* Products */ = {
			isa = PBXGroup;
			children = (
				13B07F961A680F5B00A75B9A /* RNDemo.app */,
				00E356EE1AD99517003FC87E /* RNDemoTests.xctest */,
				80F8AA6724E43F180073A30C /* YueLunVPN.appex */,
			);
			name = Products;
			sourceTree = "<group>";
		};
/* End PBXGroup section */

/* Begin PBXNativeTarget section */
		00E356ED1AD99517003FC87E /* RNDemoTests */ = {
			isa = PBXNativeTarget;
			buildConfigurationList = 00E357021AD99517003FC87E /* Build configuration list for PBXNativeTarget "RNDemoTests" */;
			buildPhases = (
				29855DEC5F5ED13A6635F670 /* [CP] Check Pods Manifest.lock */,
				00E356EA1AD99517003FC87E /* Sources */,
				00E356EB1AD99517003FC87E /* Frameworks */,
				00E356EC1AD99517003FC87E /* Resources */,
				5675F5C3E3136C896A5B0E93 /* [CP] Copy Pods Resources */,
			);
			buildRules = (
			);
			dependencies = (
				00E356F51AD99517003FC87E /* PBXTargetDependency */,
			);
			name = RNDemoTests;
			productName = RNDemoTests;
			productReference = 00E356EE1AD99517003FC87E /* RNDemoTests.xctest */;
			productType = "com.apple.product-type.bundle.unit-test";
		};
		13B07F861A680F5B00A75B9A /* RNDemo */ = {
			isa = PBXNativeTarget;
			buildConfigurationList = 13B07F931A680F5B00A75B9A /* Build configuration list for PBXNativeTarget "RNDemo" */;
			buildPhases = (
				B6B8EAE9DEAB0917F6A4995B /* [CP] Check Pods Manifest.lock */,
				FD10A7F022414F080027D42C /* Start Packager */,
				13B07F871A680F5B00A75B9A /* Sources */,
				13B07F8C1A680F5B00A75B9A /* Frameworks */,
				13B07F8E1A680F5B00A75B9A /* Resources */,
				00DD1BFF1BD5951E006B06BC /* Bundle React Native code and images */,
				9ECF3CC0615399C4DB939492 /* [CP] Copy Pods Resources */,
				80F8AA7524E43F180073A30C /* Embed App Extensions */,
			);
			buildRules = (
			);
			dependencies = (
				80F8AA7024E43F180073A30C /* PBXTargetDependency */,
			);
			name = RNDemo;
			productName = RNDemo;
			productReference = 13B07F961A680F5B00A75B9A /* RNDemo.app */;
			productType = "com.apple.product-type.application";
		};
		80F8AA6624E43F180073A30C /* YueLunVPN */ = {
			isa = PBXNativeTarget;
			buildConfigurationList = 80F8AA7224E43F180073A30C /* Build configuration list for PBXNativeTarget "YueLunVPN" */;
			buildPhases = (
				80F8AA6324E43F180073A30C /* Sources */,
				80F8AA6424E43F180073A30C /* Frameworks */,
				80F8AA6524E43F180073A30C /* Resources */,
			);
			buildRules = (
			);
			dependencies = (
			);
			name = YueLunVPN;
			productName = YueLunVPN;
			productReference = 80F8AA6724E43F180073A30C /* YueLunVPN.appex */;
			productType = "com.apple.product-type.app-extension";
		};
/* End PBXNativeTarget section */

/* Begin PBXProject section */
		83CBB9F71A601CBA00E9B192 /* Project object */ = {
			isa = PBXProject;
			attributes = {
				DefaultBuildSystemTypeForWorkspace = Latest;
				LastUpgradeCheck = 1130;
				ORGANIZATIONNAME = Facebook;
				TargetAttributes = {
					00E356ED1AD99517003FC87E = {
						CreatedOnToolsVersion = 6.2;
						DevelopmentTeam = K63Z3XNHX6;
						TestTargetID = 13B07F861A680F5B00A75B9A;
					};
					13B07F861A680F5B00A75B9A = {
						DevelopmentTeam = K63Z3XNHX6;
						LastSwiftMigration = 1130;
					};
					80F8AA6624E43F180073A30C = {
						CreatedOnToolsVersion = 11.3.1;
						DevelopmentTeam = K63Z3XNHX6;
						ProvisioningStyle = Automatic;
					};
				};
			};
			buildConfigurationList = 83CBB9FA1A601CBA00E9B192 /* Build configuration list for PBXProject "RNDemo" */;
			compatibilityVersion = "Xcode 3.2";
			developmentRegion = English;
			hasScannedForEncodings = 0;
			knownRegions = (
				English,
				en,
				Base,
			);
			mainGroup = 83CBB9F61A601CBA00E9B192;
			productRefGroup = 83CBBA001A601CBA00E9B192 /* Products */;
			projectDirPath = "";
			projectRoot = "";
			targets = (
				13B07F861A680F5B00A75B9A /* RNDemo */,
				00E356ED1AD99517003FC87E /* RNDemoTests */,
				80F8AA6624E43F180073A30C /* YueLunVPN */,
			);
		};
/* End PBXProject section */

/* Begin PBXResourcesBuildPhase section */
		00E356EC1AD99517003FC87E /* Resources */ = {
			isa = PBXResourcesBuildPhase;
			buildActionMask = 2147483647;
			files = (
			);
			runOnlyForDeploymentPostprocessing = 0;
		};
		13B07F8E1A680F5B00A75B9A /* Resources */ = {
			isa = PBXResourcesBuildPhase;
			buildActionMask = 2147483647;
			files = (
				13B07FBF1A68108700A75B9A /* Images.xcassets in Resources */,
				13B07FBD1A68108700A75B9A /* LaunchScreen.xib in Resources */,
			);
			runOnlyForDeploymentPostprocessing = 0;
		};
		80F8AA6524E43F180073A30C /* Resources */ = {
			isa = PBXResourcesBuildPhase;
			buildActionMask = 2147483647;
			files = (
				806A22E724E81D46000E7040 /* CocoaAsyncSocket in Resources */,
			);
			runOnlyForDeploymentPostprocessing = 0;
		};
/* End PBXResourcesBuildPhase section */

/* Begin PBXShellScriptBuildPhase section */
		00DD1BFF1BD5951E006B06BC /* Bundle React Native code and images */ = {
			isa = PBXShellScriptBuildPhase;
			buildActionMask = 2147483647;
			files = (
			);
			inputPaths = (
			);
			name = "Bundle React Native code and images";
			outputPaths = (
			);
			runOnlyForDeploymentPostprocessing = 0;
			shellPath = /bin/sh;
			shellScript = "export NODE_BINARY=node\n../node_modules/react-native/scripts/react-native-xcode.sh\n";
		};
		29855DEC5F5ED13A6635F670 /* [CP] Check Pods Manifest.lock */ = {
			isa = PBXShellScriptBuildPhase;
			buildActionMask = 2147483647;
			files = (
			);
			inputFileListPaths = (
			);
			inputPaths = (
				"${PODS_PODFILE_DIR_PATH}/Podfile.lock",
				"${PODS_ROOT}/Manifest.lock",
			);
			name = "[CP] Check Pods Manifest.lock";
			outputFileListPaths = (
			);
			outputPaths = (
				"$(DERIVED_FILE_DIR)/Pods-RNDemo-RNDemoTests-checkManifestLockResult.txt",
			);
			runOnlyForDeploymentPostprocessing = 0;
			shellPath = /bin/sh;
			shellScript = "diff \"${PODS_PODFILE_DIR_PATH}/Podfile.lock\" \"${PODS_ROOT}/Manifest.lock\" > /dev/null\nif [ $? != 0 ] ; then\n    # print error to STDERR\n    echo \"error: The sandbox is not in sync with the Podfile.lock. Run 'pod install' or update your CocoaPods installation.\" >&2\n    exit 1\nfi\n# This output is used by Xcode 'outputs' to avoid re-running this script phase.\necho \"SUCCESS\" > \"${SCRIPT_OUTPUT_FILE_0}\"\n";
			showEnvVarsInLog = 0;
		};
		5675F5C3E3136C896A5B0E93 /* [CP] Copy Pods Resources */ = {
			isa = PBXShellScriptBuildPhase;
			buildActionMask = 2147483647;
			files = (
			);
			inputPaths = (
				"${PODS_ROOT}/Target Support Files/Pods-RNDemo-RNDemoTests/Pods-RNDemo-RNDemoTests-resources.sh",
				"${PODS_CONFIGURATION_BUILD_DIR}/RNImageCropPicker/QBImagePicker.bundle",
				"${PODS_ROOT}/../../node_modules/react-native-vector-icons/Fonts/AntDesign.ttf",
				"${PODS_ROOT}/../../node_modules/react-native-vector-icons/Fonts/Entypo.ttf",
				"${PODS_ROOT}/../../node_modules/react-native-vector-icons/Fonts/EvilIcons.ttf",
				"${PODS_ROOT}/../../node_modules/react-native-vector-icons/Fonts/Feather.ttf",
				"${PODS_ROOT}/../../node_modules/react-native-vector-icons/Fonts/FontAwesome.ttf",
				"${PODS_ROOT}/../../node_modules/react-native-vector-icons/Fonts/FontAwesome5_Brands.ttf",
				"${PODS_ROOT}/../../node_modules/react-native-vector-icons/Fonts/FontAwesome5_Regular.ttf",
				"${PODS_ROOT}/../../node_modules/react-native-vector-icons/Fonts/FontAwesome5_Solid.ttf",
				"${PODS_ROOT}/../../node_modules/react-native-vector-icons/Fonts/Fontisto.ttf",
				"${PODS_ROOT}/../../node_modules/react-native-vector-icons/Fonts/Foundation.ttf",
				"${PODS_ROOT}/../../node_modules/react-native-vector-icons/Fonts/Ionicons.ttf",
				"${PODS_ROOT}/../../node_modules/react-native-vector-icons/Fonts/MaterialCommunityIcons.ttf",
				"${PODS_ROOT}/../../node_modules/react-native-vector-icons/Fonts/MaterialIcons.ttf",
				"${PODS_ROOT}/../../node_modules/react-native-vector-icons/Fonts/Octicons.ttf",
				"${PODS_ROOT}/../../node_modules/react-native-vector-icons/Fonts/SimpleLineIcons.ttf",
				"${PODS_ROOT}/../../node_modules/react-native-vector-icons/Fonts/Zocial.ttf",
				"${PODS_ROOT}/RSKImageCropper/RSKImageCropper/RSKImageCropperStrings.bundle",
			);
			name = "[CP] Copy Pods Resources";
			outputPaths = (
				"${TARGET_BUILD_DIR}/${UNLOCALIZED_RESOURCES_FOLDER_PATH}/QBImagePicker.bundle",
				"${TARGET_BUILD_DIR}/${UNLOCALIZED_RESOURCES_FOLDER_PATH}/AntDesign.ttf",
				"${TARGET_BUILD_DIR}/${UNLOCALIZED_RESOURCES_FOLDER_PATH}/Entypo.ttf",
				"${TARGET_BUILD_DIR}/${UNLOCALIZED_RESOURCES_FOLDER_PATH}/EvilIcons.ttf",
				"${TARGET_BUILD_DIR}/${UNLOCALIZED_RESOURCES_FOLDER_PATH}/Feather.ttf",
				"${TARGET_BUILD_DIR}/${UNLOCALIZED_RESOURCES_FOLDER_PATH}/FontAwesome.ttf",
				"${TARGET_BUILD_DIR}/${UNLOCALIZED_RESOURCES_FOLDER_PATH}/FontAwesome5_Brands.ttf",
				"${TARGET_BUILD_DIR}/${UNLOCALIZED_RESOURCES_FOLDER_PATH}/FontAwesome5_Regular.ttf",
				"${TARGET_BUILD_DIR}/${UNLOCALIZED_RESOURCES_FOLDER_PATH}/FontAwesome5_Solid.ttf",
				"${TARGET_BUILD_DIR}/${UNLOCALIZED_RESOURCES_FOLDER_PATH}/Fontisto.ttf",
				"${TARGET_BUILD_DIR}/${UNLOCALIZED_RESOURCES_FOLDER_PATH}/Foundation.ttf",
				"${TARGET_BUILD_DIR}/${UNLOCALIZED_RESOURCES_FOLDER_PATH}/Ionicons.ttf",
				"${TARGET_BUILD_DIR}/${UNLOCALIZED_RESOURCES_FOLDER_PATH}/MaterialCommunityIcons.ttf",
				"${TARGET_BUILD_DIR}/${UNLOCALIZED_RESOURCES_FOLDER_PATH}/MaterialIcons.ttf",
				"${TARGET_BUILD_DIR}/${UNLOCALIZED_RESOURCES_FOLDER_PATH}/Octicons.ttf",
				"${TARGET_BUILD_DIR}/${UNLOCALIZED_RESOURCES_FOLDER_PATH}/SimpleLineIcons.ttf",
				"${TARGET_BUILD_DIR}/${UNLOCALIZED_RESOURCES_FOLDER_PATH}/Zocial.ttf",
				"${TARGET_BUILD_DIR}/${UNLOCALIZED_RESOURCES_FOLDER_PATH}/RSKImageCropperStrings.bundle",
			);
			runOnlyForDeploymentPostprocessing = 0;
			shellPath = /bin/sh;
			shellScript = "\"${PODS_ROOT}/Target Support Files/Pods-RNDemo-RNDemoTests/Pods-RNDemo-RNDemoTests-resources.sh\"\n";
			showEnvVarsInLog = 0;
		};
		9ECF3CC0615399C4DB939492 /* [CP] Copy Pods Resources */ = {
			isa = PBXShellScriptBuildPhase;
			buildActionMask = 2147483647;
			files = (
			);
			inputPaths = (
				"${PODS_ROOT}/Target Support Files/Pods-RNDemo/Pods-RNDemo-resources.sh",
				"${PODS_CONFIGURATION_BUILD_DIR}/RNImageCropPicker/QBImagePicker.bundle",
				"${PODS_ROOT}/../../node_modules/react-native-vector-icons/Fonts/AntDesign.ttf",
				"${PODS_ROOT}/../../node_modules/react-native-vector-icons/Fonts/Entypo.ttf",
				"${PODS_ROOT}/../../node_modules/react-native-vector-icons/Fonts/EvilIcons.ttf",
				"${PODS_ROOT}/../../node_modules/react-native-vector-icons/Fonts/Feather.ttf",
				"${PODS_ROOT}/../../node_modules/react-native-vector-icons/Fonts/FontAwesome.ttf",
				"${PODS_ROOT}/../../node_modules/react-native-vector-icons/Fonts/FontAwesome5_Brands.ttf",
				"${PODS_ROOT}/../../node_modules/react-native-vector-icons/Fonts/FontAwesome5_Regular.ttf",
				"${PODS_ROOT}/../../node_modules/react-native-vector-icons/Fonts/FontAwesome5_Solid.ttf",
				"${PODS_ROOT}/../../node_modules/react-native-vector-icons/Fonts/Fontisto.ttf",
				"${PODS_ROOT}/../../node_modules/react-native-vector-icons/Fonts/Foundation.ttf",
				"${PODS_ROOT}/../../node_modules/react-native-vector-icons/Fonts/Ionicons.ttf",
				"${PODS_ROOT}/../../node_modules/react-native-vector-icons/Fonts/MaterialCommunityIcons.ttf",
				"${PODS_ROOT}/../../node_modules/react-native-vector-icons/Fonts/MaterialIcons.ttf",
				"${PODS_ROOT}/../../node_modules/react-native-vector-icons/Fonts/Octicons.ttf",
				"${PODS_ROOT}/../../node_modules/react-native-vector-icons/Fonts/SimpleLineIcons.ttf",
				"${PODS_ROOT}/../../node_modules/react-native-vector-icons/Fonts/Zocial.ttf",
				"${PODS_ROOT}/RSKImageCropper/RSKImageCropper/RSKImageCropperStrings.bundle",
			);
			name = "[CP] Copy Pods Resources";
			outputPaths = (
				"${TARGET_BUILD_DIR}/${UNLOCALIZED_RESOURCES_FOLDER_PATH}/QBImagePicker.bundle",
				"${TARGET_BUILD_DIR}/${UNLOCALIZED_RESOURCES_FOLDER_PATH}/AntDesign.ttf",
				"${TARGET_BUILD_DIR}/${UNLOCALIZED_RESOURCES_FOLDER_PATH}/Entypo.ttf",
				"${TARGET_BUILD_DIR}/${UNLOCALIZED_RESOURCES_FOLDER_PATH}/EvilIcons.ttf",
				"${TARGET_BUILD_DIR}/${UNLOCALIZED_RESOURCES_FOLDER_PATH}/Feather.ttf",
				"${TARGET_BUILD_DIR}/${UNLOCALIZED_RESOURCES_FOLDER_PATH}/FontAwesome.ttf",
				"${TARGET_BUILD_DIR}/${UNLOCALIZED_RESOURCES_FOLDER_PATH}/FontAwesome5_Brands.ttf",
				"${TARGET_BUILD_DIR}/${UNLOCALIZED_RESOURCES_FOLDER_PATH}/FontAwesome5_Regular.ttf",
				"${TARGET_BUILD_DIR}/${UNLOCALIZED_RESOURCES_FOLDER_PATH}/FontAwesome5_Solid.ttf",
				"${TARGET_BUILD_DIR}/${UNLOCALIZED_RESOURCES_FOLDER_PATH}/Fontisto.ttf",
				"${TARGET_BUILD_DIR}/${UNLOCALIZED_RESOURCES_FOLDER_PATH}/Foundation.ttf",
				"${TARGET_BUILD_DIR}/${UNLOCALIZED_RESOURCES_FOLDER_PATH}/Ionicons.ttf",
				"${TARGET_BUILD_DIR}/${UNLOCALIZED_RESOURCES_FOLDER_PATH}/MaterialCommunityIcons.ttf",
				"${TARGET_BUILD_DIR}/${UNLOCALIZED_RESOURCES_FOLDER_PATH}/MaterialIcons.ttf",
				"${TARGET_BUILD_DIR}/${UNLOCALIZED_RESOURCES_FOLDER_PATH}/Octicons.ttf",
				"${TARGET_BUILD_DIR}/${UNLOCALIZED_RESOURCES_FOLDER_PATH}/SimpleLineIcons.ttf",
				"${TARGET_BUILD_DIR}/${UNLOCALIZED_RESOURCES_FOLDER_PATH}/Zocial.ttf",
				"${TARGET_BUILD_DIR}/${UNLOCALIZED_RESOURCES_FOLDER_PATH}/RSKImageCropperStrings.bundle",
			);
			runOnlyForDeploymentPostprocessing = 0;
			shellPath = /bin/sh;
			shellScript = "\"${PODS_ROOT}/Target Support Files/Pods-RNDemo/Pods-RNDemo-resources.sh\"\n";
			showEnvVarsInLog = 0;
		};
		B6B8EAE9DEAB0917F6A4995B /* [CP] Check Pods Manifest.lock */ = {
			isa = PBXShellScriptBuildPhase;
			buildActionMask = 2147483647;
			files = (
			);
			inputFileListPaths = (
			);
			inputPaths = (
				"${PODS_PODFILE_DIR_PATH}/Podfile.lock",
				"${PODS_ROOT}/Manifest.lock",
			);
			name = "[CP] Check Pods Manifest.lock";
			outputFileListPaths = (
			);
			outputPaths = (
				"$(DERIVED_FILE_DIR)/Pods-RNDemo-checkManifestLockResult.txt",
			);
			runOnlyForDeploymentPostprocessing = 0;
			shellPath = /bin/sh;
			shellScript = "diff \"${PODS_PODFILE_DIR_PATH}/Podfile.lock\" \"${PODS_ROOT}/Manifest.lock\" > /dev/null\nif [ $? != 0 ] ; then\n    # print error to STDERR\n    echo \"error: The sandbox is not in sync with the Podfile.lock. Run 'pod install' or update your CocoaPods installation.\" >&2\n    exit 1\nfi\n# This output is used by Xcode 'outputs' to avoid re-running this script phase.\necho \"SUCCESS\" > \"${SCRIPT_OUTPUT_FILE_0}\"\n";
			showEnvVarsInLog = 0;
		};
		FD10A7F022414F080027D42C /* Start Packager */ = {
			isa = PBXShellScriptBuildPhase;
			buildActionMask = 2147483647;
			files = (
			);
			inputFileListPaths = (
			);
			inputPaths = (
			);
			name = "Start Packager";
			outputFileListPaths = (
			);
			outputPaths = (
			);
			runOnlyForDeploymentPostprocessing = 0;
			shellPath = /bin/sh;
			shellScript = "export RCT_METRO_PORT=\"${RCT_METRO_PORT:=8081}\"\necho \"export RCT_METRO_PORT=${RCT_METRO_PORT}\" > \"${SRCROOT}/../node_modules/react-native/scripts/.packager.env\"\nif [ -z \"${RCT_NO_LAUNCH_PACKAGER+xxx}\" ] ; then\n  if nc -w 5 -z localhost ${RCT_METRO_PORT} ; then\n    if ! curl -s \"http://localhost:${RCT_METRO_PORT}/status\" | grep -q \"packager-status:running\" ; then\n      echo \"Port ${RCT_METRO_PORT} already in use, packager is either not running or not running correctly\"\n      exit 2\n    fi\n  else\n    open \"$SRCROOT/../node_modules/react-native/scripts/launchPackager.command\" || echo \"Can't start packager automatically\"\n  fi\nfi\n";
			showEnvVarsInLog = 0;
		};
/* End PBXShellScriptBuildPhase section */

/* Begin PBXSourcesBuildPhase section */
		00E356EA1AD99517003FC87E /* Sources */ = {
			isa = PBXSourcesBuildPhase;
			buildActionMask = 2147483647;
			files = (
				00E356F31AD99517003FC87E /* RNDemoTests.m in Sources */,
			);
			runOnlyForDeploymentPostprocessing = 0;
		};
		13B07F871A680F5B00A75B9A /* Sources */ = {
			isa = PBXSourcesBuildPhase;
			buildActionMask = 2147483647;
			files = (
				80F8AA7D24E4418E0073A30C /* YuelunVpn.m in Sources */,
				806A22E524E81D20000E7040 /* GCDAsyncUdpSocket.m in Sources */,
				80F7766A24C7CE92004DCDB1 /* apiyuelun.h in Sources */,
				80F8AA6124E43EBA0073A30C /* XDXVPNManager.mm in Sources */,
				8013CCCD24E901D200493822 /* VPN_Manager.m in Sources */,
				00F29DD6242889D600A54037 /* BridgeDemo.m in Sources */,
				00675C46243094DC00085827 /* KeyChainModule.m in Sources */,
				80F7767324D07210004DCDB1 /* ApiHelper.mm in Sources */,
				13B07FBC1A68108700A75B9A /* AppDelegate.m in Sources */,
				00675C492430AE7100085827 /* QRScanReader.m in Sources */,
				13B07FC11A68108700A75B9A /* main.m in Sources */,
				80F8AA7A24E4400A0073A30C /* NSMutableDictionary+TVUSafeSetRemove.m in Sources */,
				80F8AA6224E43EBA0073A30C /* XDXVPNManagerModel.m in Sources */,
				806A22E424E81D20000E7040 /* GCDAsyncSocket.m in Sources */,
				34F713CE243C2C6C001034CF /* AuthenticationModule.m in Sources */,
			);
			runOnlyForDeploymentPostprocessing = 0;
		};
		80F8AA6324E43F180073A30C /* Sources */ = {
			isa = PBXSourcesBuildPhase;
			buildActionMask = 2147483647;
			files = (
				806A22E824E81D77000E7040 /* GCDAsyncSocket.m in Sources */,
				806A22E924E81D77000E7040 /* GCDAsyncUdpSocket.m in Sources */,
				80F8AA6D24E43F180073A30C /* PacketTunnelProvider.mm in Sources */,
			);
			runOnlyForDeploymentPostprocessing = 0;
		};
/* End PBXSourcesBuildPhase section */

/* Begin PBXTargetDependency section */
		00E356F51AD99517003FC87E /* PBXTargetDependency */ = {
			isa = PBXTargetDependency;
			target = 13B07F861A680F5B00A75B9A /* RNDemo */;
			targetProxy = 00E356F41AD99517003FC87E /* PBXContainerItemProxy */;
		};
		80F8AA7024E43F180073A30C /* PBXTargetDependency */ = {
			isa = PBXTargetDependency;
			target = 80F8AA6624E43F180073A30C /* YueLunVPN */;
			targetProxy = 80F8AA6F24E43F180073A30C /* PBXContainerItemProxy */;
		};
/* End PBXTargetDependency section */

/* Begin PBXVariantGroup section */
		13B07FB11A68108700A75B9A /* LaunchScreen.xib */ = {
			isa = PBXVariantGroup;
			children = (
				13B07FB21A68108700A75B9A /* Base */,
			);
			name = LaunchScreen.xib;
			path = RNDemo;
			sourceTree = "<group>";
		};
/* End PBXVariantGroup section */

/* Begin XCBuildConfiguration section */
		00E356F61AD99517003FC87E /* Debug */ = {
			isa = XCBuildConfiguration;
			baseConfigurationReference = 94B62AE16F593BCC4BF6E40C /* Pods-RNDemo-RNDemoTests.debug.xcconfig */;
			buildSettings = {
				BUNDLE_LOADER = "$(TEST_HOST)";
				DEVELOPMENT_TEAM = K63Z3XNHX6;
				GCC_PREPROCESSOR_DEFINITIONS = (
					"DEBUG=1",
					"$(inherited)",
				);
				INFOPLIST_FILE = RNDemoTests/Info.plist;
				IPHONEOS_DEPLOYMENT_TARGET = 9.0;
				LD_RUNPATH_SEARCH_PATHS = "$(inherited) @executable_path/Frameworks @loader_path/Frameworks";
				OTHER_LDFLAGS = (
					"-ObjC",
					"-lc++",
					"$(inherited)",
				);
				PRODUCT_BUNDLE_IDENTIFIER = "org.reactjs.native.example.$(PRODUCT_NAME:rfc1034identifier)";
				PRODUCT_NAME = "$(TARGET_NAME)";
				TEST_HOST = "$(BUILT_PRODUCTS_DIR)/RNDemo.app/RNDemo";
			};
			name = Debug;
		};
		00E356F71AD99517003FC87E /* Release */ = {
			isa = XCBuildConfiguration;
			baseConfigurationReference = 10692BEFD672D061D8AEFAB9 /* Pods-RNDemo-RNDemoTests.release.xcconfig */;
			buildSettings = {
				BUNDLE_LOADER = "$(TEST_HOST)";
				COPY_PHASE_STRIP = NO;
				DEVELOPMENT_TEAM = K63Z3XNHX6;
				INFOPLIST_FILE = RNDemoTests/Info.plist;
				IPHONEOS_DEPLOYMENT_TARGET = 9.0;
				LD_RUNPATH_SEARCH_PATHS = "$(inherited) @executable_path/Frameworks @loader_path/Frameworks";
				OTHER_LDFLAGS = (
					"-ObjC",
					"-lc++",
					"$(inherited)",
				);
				PRODUCT_BUNDLE_IDENTIFIER = "org.reactjs.native.example.$(PRODUCT_NAME:rfc1034identifier)";
				PRODUCT_NAME = "$(TARGET_NAME)";
				TEST_HOST = "$(BUILT_PRODUCTS_DIR)/RNDemo.app/RNDemo";
			};
			name = Release;
		};
		13B07F941A680F5B00A75B9A /* Debug */ = {
			isa = XCBuildConfiguration;
			baseConfigurationReference = C59FE0BFF588EE5FA314C40C /* Pods-RNDemo.debug.xcconfig */;
			buildSettings = {
				ALWAYS_EMBED_SWIFT_STANDARD_LIBRARIES = YES;
				ASSETCATALOG_COMPILER_APPICON_NAME = AppIcon;
				CLANG_ENABLE_MODULES = YES;
				CODE_SIGN_ENTITLEMENTS = RNDemo/RNDemo.entitlements;
				CURRENT_PROJECT_VERSION = 1;
				DEVELOPMENT_TEAM = K63Z3XNHX6;
				ENABLE_BITCODE = NO;
				GCC_C_LANGUAGE_STANDARD = gnu99;
				GCC_PREPROCESSOR_DEFINITIONS = (
					"$(inherited)",
					"FB_SONARKIT_ENABLED=1",
				);
				INFOPLIST_FILE = RNDemo/Info.plist;
				LD_RUNPATH_SEARCH_PATHS = "$(inherited) @executable_path/Frameworks";
				LIBRARY_SEARCH_PATHS = (
					"$(inherited)",
					"$(PROJECT_DIR)",
					"$(PROJECT_DIR)/VPNFramework",
				);
				OTHER_LDFLAGS = (
					"$(inherited)",
					"-ObjC",
					"-lc++",
				);
				PRODUCT_BUNDLE_IDENTIFIER = com.yuelun.accvpn;
				PRODUCT_NAME = RNDemo;
				SWIFT_OBJC_BRIDGING_HEADER = "RNDemo-Bridging-Header.h";
				SWIFT_OPTIMIZATION_LEVEL = "-Onone";
				SWIFT_VERSION = 5.0;
				VALID_ARCHS = "arm64 arm64e armv7 armv7s";
				VERSIONING_SYSTEM = "apple-generic";
			};
			name = Debug;
		};
		13B07F951A680F5B00A75B9A /* Release */ = {
			isa = XCBuildConfiguration;
			baseConfigurationReference = C707566ADDE1AE74F1DBC3B3 /* Pods-RNDemo.release.xcconfig */;
			buildSettings = {
				ALWAYS_EMBED_SWIFT_STANDARD_LIBRARIES = YES;
				ASSETCATALOG_COMPILER_APPICON_NAME = AppIcon;
				CLANG_ENABLE_MODULES = YES;
				CODE_SIGN_ENTITLEMENTS = RNDemo/RNDemo.entitlements;
				CURRENT_PROJECT_VERSION = 1;
				DEVELOPMENT_TEAM = K63Z3XNHX6;
				GCC_C_LANGUAGE_STANDARD = gnu99;
				INFOPLIST_FILE = RNDemo/Info.plist;
				LD_RUNPATH_SEARCH_PATHS = "$(inherited) @executable_path/Frameworks";
				LIBRARY_SEARCH_PATHS = (
					"$(inherited)",
					"$(PROJECT_DIR)",
					"$(PROJECT_DIR)/VPNFramework",
				);
				OTHER_LDFLAGS = (
					"$(inherited)",
					"-ObjC",
					"-lc++",
				);
				PRODUCT_BUNDLE_IDENTIFIER = com.yuelun.accvpn;
				PRODUCT_NAME = RNDemo;
				SWIFT_OBJC_BRIDGING_HEADER = "RNDemo-Bridging-Header.h";
				SWIFT_VERSION = 5.0;
				VALID_ARCHS = "arm64 arm64e armv7 armv7s";
				VERSIONING_SYSTEM = "apple-generic";
			};
			name = Release;
		};
		80F8AA7324E43F180073A30C /* Debug */ = {
			isa = XCBuildConfiguration;
			buildSettings = {
				CLANG_ANALYZER_NONNULL = YES;
				CLANG_ANALYZER_NUMBER_OBJECT_CONVERSION = YES_AGGRESSIVE;
				CLANG_CXX_LANGUAGE_STANDARD = "gnu++14";
				CLANG_ENABLE_OBJC_WEAK = YES;
				CLANG_WARN_DOCUMENTATION_COMMENTS = YES;
				CLANG_WARN_UNGUARDED_AVAILABILITY = YES_AGGRESSIVE;
				CODE_SIGN_ENTITLEMENTS = RNDemo/tunnel.entitlements;
				CODE_SIGN_STYLE = Automatic;
				DEBUG_INFORMATION_FORMAT = dwarf;
				DEVELOPMENT_TEAM = K63Z3XNHX6;
				FRAMEWORK_SEARCH_PATHS = (
					"$(inherited)",
					"$(USER_LIBRARY_DIR)/Containers/com.tencent.xinWeChat/Data/Library/Application\\ Support/com.tencent.xinWeChat/2.0b4.0.9/11ffa7470cbb4c0c57800565c879ee2f/Message/MessageTemp/006229311e74f516563f170bd667d98e/File",
					"$(USER_LIBRARY_DIR)/Containers/com.tencent.xinWeChat/Data/Library/Application\\ Support/com.tencent.xinWeChat/2.0b4.0.9/11ffa7470cbb4c0c57800565c879ee2f/Message/MessageTemp/006229311e74f516563f170bd667d98e/File",
				);
				GCC_C_LANGUAGE_STANDARD = gnu11;
				INFOPLIST_FILE = YueLunVPN/Info.plist;
				IPHONEOS_DEPLOYMENT_TARGET = 13.2;
				LD_RUNPATH_SEARCH_PATHS = "$(inherited) @executable_path/Frameworks @executable_path/../../Frameworks";
				LIBRARY_SEARCH_PATHS = (
					"$(inherited)",
					"$(PROJECT_DIR)",
					"$(PROJECT_DIR)/VPNFramework",
				);
				MTL_ENABLE_DEBUG_INFO = INCLUDE_SOURCE;
				MTL_FAST_MATH = YES;
				PRODUCT_BUNDLE_IDENTIFIER = com.yuelun.accvpn.yltunnel;
				PRODUCT_NAME = "$(TARGET_NAME)";
				SKIP_INSTALL = YES;
				TARGETED_DEVICE_FAMILY = "1,2";
			};
			name = Debug;
		};
		80F8AA7424E43F180073A30C /* Release */ = {
			isa = XCBuildConfiguration;
			buildSettings = {
				CLANG_ANALYZER_NONNULL = YES;
				CLANG_ANALYZER_NUMBER_OBJECT_CONVERSION = YES_AGGRESSIVE;
				CLANG_CXX_LANGUAGE_STANDARD = "gnu++14";
				CLANG_ENABLE_OBJC_WEAK = YES;
				CLANG_WARN_DOCUMENTATION_COMMENTS = YES;
				CLANG_WARN_UNGUARDED_AVAILABILITY = YES_AGGRESSIVE;
				CODE_SIGN_ENTITLEMENTS = RNDemo/tunnel.entitlements;
				CODE_SIGN_STYLE = Automatic;
				COPY_PHASE_STRIP = NO;
				DEBUG_INFORMATION_FORMAT = "dwarf-with-dsym";
				DEVELOPMENT_TEAM = K63Z3XNHX6;
				FRAMEWORK_SEARCH_PATHS = (
					"$(inherited)",
					"$(USER_LIBRARY_DIR)/Containers/com.tencent.xinWeChat/Data/Library/Application\\ Support/com.tencent.xinWeChat/2.0b4.0.9/11ffa7470cbb4c0c57800565c879ee2f/Message/MessageTemp/006229311e74f516563f170bd667d98e/File",
					"$(USER_LIBRARY_DIR)/Containers/com.tencent.xinWeChat/Data/Library/Application\\ Support/com.tencent.xinWeChat/2.0b4.0.9/11ffa7470cbb4c0c57800565c879ee2f/Message/MessageTemp/006229311e74f516563f170bd667d98e/File",
				);
				GCC_C_LANGUAGE_STANDARD = gnu11;
				INFOPLIST_FILE = YueLunVPN/Info.plist;
				IPHONEOS_DEPLOYMENT_TARGET = 13.2;
				LD_RUNPATH_SEARCH_PATHS = "$(inherited) @executable_path/Frameworks @executable_path/../../Frameworks";
				LIBRARY_SEARCH_PATHS = (
					"$(inherited)",
					"$(PROJECT_DIR)",
					"$(PROJECT_DIR)/VPNFramework",
				);
				MTL_FAST_MATH = YES;
				PRODUCT_BUNDLE_IDENTIFIER = com.yuelun.accvpn.yltunnel;
				PRODUCT_NAME = "$(TARGET_NAME)";
				SKIP_INSTALL = YES;
				TARGETED_DEVICE_FAMILY = "1,2";
			};
			name = Release;
		};
		83CBBA201A601CBA00E9B192 /* Debug */ = {
			isa = XCBuildConfiguration;
			buildSettings = {
				ALWAYS_SEARCH_USER_PATHS = NO;
				CLANG_ANALYZER_LOCALIZABILITY_NONLOCALIZED = YES;
				CLANG_CXX_LANGUAGE_STANDARD = "gnu++0x";
				CLANG_CXX_LIBRARY = "libc++";
				CLANG_ENABLE_MODULES = YES;
				CLANG_ENABLE_OBJC_ARC = YES;
				CLANG_WARN_BLOCK_CAPTURE_AUTORELEASING = YES;
				CLANG_WARN_BOOL_CONVERSION = YES;
				CLANG_WARN_COMMA = YES;
				CLANG_WARN_CONSTANT_CONVERSION = YES;
				CLANG_WARN_DEPRECATED_OBJC_IMPLEMENTATIONS = YES;
				CLANG_WARN_DIRECT_OBJC_ISA_USAGE = YES_ERROR;
				CLANG_WARN_EMPTY_BODY = YES;
				CLANG_WARN_ENUM_CONVERSION = YES;
				CLANG_WARN_INFINITE_RECURSION = YES;
				CLANG_WARN_INT_CONVERSION = YES;
				CLANG_WARN_NON_LITERAL_NULL_CONVERSION = YES;
				CLANG_WARN_OBJC_IMPLICIT_RETAIN_SELF = YES;
				CLANG_WARN_OBJC_LITERAL_CONVERSION = YES;
				CLANG_WARN_OBJC_ROOT_CLASS = YES_ERROR;
				CLANG_WARN_RANGE_LOOP_ANALYSIS = YES;
				CLANG_WARN_STRICT_PROTOTYPES = YES;
				CLANG_WARN_SUSPICIOUS_MOVE = YES;
				CLANG_WARN_UNREACHABLE_CODE = YES;
				CLANG_WARN__DUPLICATE_METHOD_MATCH = YES;
				"CODE_SIGN_IDENTITY[sdk=iphoneos*]" = "iPhone Developer";
				COPY_PHASE_STRIP = NO;
				ENABLE_STRICT_OBJC_MSGSEND = YES;
				ENABLE_TESTABILITY = YES;
				GCC_C_LANGUAGE_STANDARD = gnu99;
				GCC_DYNAMIC_NO_PIC = NO;
				GCC_NO_COMMON_BLOCKS = YES;
				GCC_OPTIMIZATION_LEVEL = 0;
				GCC_PREPROCESSOR_DEFINITIONS = (
					"DEBUG=1",
					"$(inherited)",
				);
				GCC_SYMBOLS_PRIVATE_EXTERN = NO;
				GCC_WARN_64_TO_32_BIT_CONVERSION = YES;
				GCC_WARN_ABOUT_RETURN_TYPE = YES_ERROR;
				GCC_WARN_UNDECLARED_SELECTOR = YES;
				GCC_WARN_UNINITIALIZED_AUTOS = YES_AGGRESSIVE;
				GCC_WARN_UNUSED_FUNCTION = YES;
				GCC_WARN_UNUSED_VARIABLE = YES;
				IPHONEOS_DEPLOYMENT_TARGET = 9.0;
				LD_RUNPATH_SEARCH_PATHS = "/usr/lib/swift $(inherited)";
				LIBRARY_SEARCH_PATHS = (
					"\"$(TOOLCHAIN_DIR)/usr/lib/swift/$(PLATFORM_NAME)\"",
					"\"$(TOOLCHAIN_DIR)/usr/lib/swift-5.0/$(PLATFORM_NAME)\"",
					"\"$(inherited)\"",
				);
				MTL_ENABLE_DEBUG_INFO = YES;
				ONLY_ACTIVE_ARCH = YES;
				SDKROOT = iphoneos;
			};
			name = Debug;
		};
		83CBBA211A601CBA00E9B192 /* Release */ = {
			isa = XCBuildConfiguration;
			buildSettings = {
				ALWAYS_SEARCH_USER_PATHS = NO;
				CLANG_ANALYZER_LOCALIZABILITY_NONLOCALIZED = YES;
				CLANG_CXX_LANGUAGE_STANDARD = "gnu++0x";
				CLANG_CXX_LIBRARY = "libc++";
				CLANG_ENABLE_MODULES = YES;
				CLANG_ENABLE_OBJC_ARC = YES;
				CLANG_WARN_BLOCK_CAPTURE_AUTORELEASING = YES;
				CLANG_WARN_BOOL_CONVERSION = YES;
				CLANG_WARN_COMMA = YES;
				CLANG_WARN_CONSTANT_CONVERSION = YES;
				CLANG_WARN_DEPRECATED_OBJC_IMPLEMENTATIONS = YES;
				CLANG_WARN_DIRECT_OBJC_ISA_USAGE = YES_ERROR;
				CLANG_WARN_EMPTY_BODY = YES;
				CLANG_WARN_ENUM_CONVERSION = YES;
				CLANG_WARN_INFINITE_RECURSION = YES;
				CLANG_WARN_INT_CONVERSION = YES;
				CLANG_WARN_NON_LITERAL_NULL_CONVERSION = YES;
				CLANG_WARN_OBJC_IMPLICIT_RETAIN_SELF = YES;
				CLANG_WARN_OBJC_LITERAL_CONVERSION = YES;
				CLANG_WARN_OBJC_ROOT_CLASS = YES_ERROR;
				CLANG_WARN_RANGE_LOOP_ANALYSIS = YES;
				CLANG_WARN_STRICT_PROTOTYPES = YES;
				CLANG_WARN_SUSPICIOUS_MOVE = YES;
				CLANG_WARN_UNREACHABLE_CODE = YES;
				CLANG_WARN__DUPLICATE_METHOD_MATCH = YES;
				"CODE_SIGN_IDENTITY[sdk=iphoneos*]" = "iPhone Developer";
				COPY_PHASE_STRIP = YES;
				ENABLE_NS_ASSERTIONS = NO;
				ENABLE_STRICT_OBJC_MSGSEND = YES;
				GCC_C_LANGUAGE_STANDARD = gnu99;
				GCC_NO_COMMON_BLOCKS = YES;
				GCC_WARN_64_TO_32_BIT_CONVERSION = YES;
				GCC_WARN_ABOUT_RETURN_TYPE = YES_ERROR;
				GCC_WARN_UNDECLARED_SELECTOR = YES;
				GCC_WARN_UNINITIALIZED_AUTOS = YES_AGGRESSIVE;
				GCC_WARN_UNUSED_FUNCTION = YES;
				GCC_WARN_UNUSED_VARIABLE = YES;
				IPHONEOS_DEPLOYMENT_TARGET = 9.0;
				LD_RUNPATH_SEARCH_PATHS = "/usr/lib/swift $(inherited)";
				LIBRARY_SEARCH_PATHS = (
					"\"$(TOOLCHAIN_DIR)/usr/lib/swift/$(PLATFORM_NAME)\"",
					"\"$(TOOLCHAIN_DIR)/usr/lib/swift-5.0/$(PLATFORM_NAME)\"",
					"\"$(inherited)\"",
				);
				MTL_ENABLE_DEBUG_INFO = NO;
				SDKROOT = iphoneos;
				VALIDATE_PRODUCT = YES;
			};
			name = Release;
		};
/* End XCBuildConfiguration section */

/* Begin XCConfigurationList section */
		00E357021AD99517003FC87E /* Build configuration list for PBXNativeTarget "RNDemoTests" */ = {
			isa = XCConfigurationList;
			buildConfigurations = (
				00E356F61AD99517003FC87E /* Debug */,
				00E356F71AD99517003FC87E /* Release */,
			);
			defaultConfigurationIsVisible = 0;
			defaultConfigurationName = Release;
		};
		13B07F931A680F5B00A75B9A /* Build configuration list for PBXNativeTarget "RNDemo" */ = {
			isa = XCConfigurationList;
			buildConfigurations = (
				13B07F941A680F5B00A75B9A /* Debug */,
				13B07F951A680F5B00A75B9A /* Release */,
			);
			defaultConfigurationIsVisible = 0;
			defaultConfigurationName = Release;
		};
		80F8AA7224E43F180073A30C /* Build configuration list for PBXNativeTarget "YueLunVPN" */ = {
			isa = XCConfigurationList;
			buildConfigurations = (
				80F8AA7324E43F180073A30C /* Debug */,
				80F8AA7424E43F180073A30C /* Release */,
			);
			defaultConfigurationIsVisible = 0;
			defaultConfigurationName = Release;
		};
		83CBB9FA1A601CBA00E9B192 /* Build configuration list for PBXProject "RNDemo" */ = {
			isa = XCConfigurationList;
			buildConfigurations = (
				83CBBA201A601CBA00E9B192 /* Debug */,
				83CBBA211A601CBA00E9B192 /* Release */,
			);
			defaultConfigurationIsVisible = 0;
			defaultConfigurationName = Release;
		};
/* End XCConfigurationList section */
	};
	rootObject = 83CBB9F71A601CBA00E9B192 /* Project object */;
}
